<?xml version="1.0" encoding="utf-8"?>
<Project ToolsVersion="4.0" xmlns="http://schemas.microsoft.com/developer/msbuild/2003">
  <ItemGroup>
    <Filter Include="Source Files">
      <UniqueIdentifier>{4FC737F1-C7A5-4376-A066-2A32D752A2FF}</UniqueIdentifier>
    </Filter>
    <Filter Include="Source Files\NAM">
      <UniqueIdentifier>{2C8C3B6E-7F8F-4C96-8A61-7F55E7E5B6E1}</UniqueIdentifier>
    </Filter>
    <Filter Include="Header Files">
      <UniqueIdentifier>{93995380-89BD-4b04-88EB-625FBE52EBFB}</UniqueIdentifier>
    </Filter>
  </ItemGroup>

  <ItemGroup>
    <ClCompile Include="..\tools\NamModelHarness.cpp">
      <Filter>Source Files</Filter>
    </ClCompile>
    <ClCompile Include="..\NeuralAmpModelerCore\NAM\activations.cpp"><Filter>Source Files\NAM</Filter></ClCompile>
    <ClCompile Include="..\NeuralAmpModelerCore\NAM\conv1d.cpp"><Filter>Source Files\NAM</Filter></ClCompile>
    <ClCompile Include="..\NeuralAmpModelerCore\NAM\convnet.cpp"><Filter>Source Files\NAM</Filter></ClCompile>
    <ClCompile Include="..\NeuralAmpModelerCore\NAM\ring_buffer.cpp"><Filter>Source Files\NAM</Filter></ClCompile>
    <ClCompile Include="..\NeuralAmpModelerCore\NAM\dsp.cpp"><Filter>Source Files\NAM</Filter></ClCompile>
    <ClCompile Include="..\NeuralAmpModelerCore\NAM\get_dsp.cpp"><Filter>Source Files\NAM</Filter></ClCompile>
    <ClCompile Include="..\NeuralAmpModelerCore\NAM\lstm.cpp"><Filter>Source Files\NAM</Filter></ClCompile>
    <ClCompile Include="..\NeuralAmpModelerCore\NAM\util.cpp"><Filter>Source Files\NAM</Filter></ClCompile>
    <ClCompile Include="..\NeuralAmpModelerCore\NAM\wavenet.cpp"><Filter>Source Files\NAM</Filter></ClCompile>
  </ItemGroup>

  <ItemGroup>
    <ClInclude Include="..\NeuralAmpModelerCore\NAM\activations.h"><Filter>Header Files</Filter></ClInclude>
    <ClInclude Include="..\NeuralAmpModelerCore\NAM\conv1d.h"><Filter>Header Files</Filter></ClInclude>
    <ClInclude Include="..\NeuralAmpModelerCore\NAM\convnet.h"><Filter>Header Files</Filter></ClInclude>
    <ClInclude Include="..\NeuralAmpModelerCore\NAM\ring_buffer.h"><Filter>Header Files</Filter></ClInclude>
    <ClInclude Include="..\NeuralAmpModelerCore\NAM\dsp.h"><Filter>Header Files</Filter></ClInclude>
    <ClInclude Include="..\NeuralAmpModelerCore\NAM\get_dsp.h"><Filter>Header Files</Filter></ClInclude>
    <ClInclude Include="..\NeuralAmpModelerCore\NAM\lstm.h"><Filter>Header Files</Filter></ClInclude>
    <ClInclude Include="..\NeuralAmpModelerCore\NAM\util.h"><Filter>Header Files</Filter></ClInclude>
    <ClInclude Include="..\NeuralAmpModelerCore\NAM\version.h"><Filter>Header Files</Filter></ClInclude>
    <ClInclude Include="..\NeuralAmpModelerCore\NAM\wavenet.h"><Filter>Header Files</Filter></ClInclude>
  </ItemGroup>
</Project>